
Microsoft Visual Studio Solution File, Format Version 12.00
# Visual Studio Version 16
VisualStudioVersion = 16.0.30406.217
MinimumVisualStudioVersion = 10.0.40219.1
Project("{FAE04EC0-301F-11D3-BF4B-00C04F79EFBC}") = "SerpentsHand", "SerpentsHand\SerpentsHand.csproj", "{6602C3CA-8471-4941-8563-DF343CDA351E}"
EndProject
Global
	GlobalSection(SolutionConfigurationPlatforms) = preSolution
		Debug|Any CPU = Debug|Any CPU
		Release|Any CPU = Release|Any CPU
	EndGlobalSection
	GlobalSection(ProjectConfigurationPlatforms) = postSolution
		{6602C3CA-8471-4941-8563-DF343CDA351E}.Debug|Any CPU.ActiveCfg = Debug|Any CPU
		{6602C3CA-8471-4941-8563-DF343CDA351E}.Debug|Any CPU.Build.0 = Debug|Any CPU
		{6602C3CA-8471-4941-8563-DF343CDA351E}.Release|Any CPU.ActiveCfg = Release|Any CPU
		{6602C3CA-8471-4941-8563-DF343CDA351E}.Release|Any CPU.Build.0 = Release|Any CPU
	EndGlobalSection
	GlobalSection(SolutionProperties) = preSolution
		HideSolutionNode = FALSE
	EndGlobalSection
	GlobalSection(ExtensibilityGlobals) = postSolution
		SolutionGuid = {16A07459-51E8-4822-A55C-6F7F13A923AD}
	EndGlobalSection
EndGlobal
